
Microsoft Visual Studio Solution File, Format Version 12.00
# Visual Studio 14
VisualStudioVersion = 14.0.23107.0
MinimumVisualStudioVersion = 10.0.40219.1
Project("{8BC9CEB8-8B4A-11D0-8D11-00A0C91BC942}") = "DX11VideoRenderer", "DX11VideoRenderer.vcxproj", "{ED9D0263-0454-4C86-967B-BEEB81B8330B}"
EndProject
Project("{2150E333-8FDC-42A3-9474-1A3956D46DE8}") = "Solution Items", "Solution Items", "{68168A4D-9EB1-482F-A980-DD5D922BA224}"
	ProjectSection(SolutionItems) = preProject
		..\..\..\..\..\APPDATA\LOCAL\MICROSOFT\VISUALSTUDIO\14.0\EXTENSIONS\DLMLXPVN.VPC\description.html = ..\..\..\..\..\APPDATA\LOCAL\MICROSOFT\VISUALSTUDIO\14.0\EXTENSIONS\DLMLXPVN.VPC\description.html
	EndProjectSection
EndProject
Global
	GlobalSection(SolutionConfigurationPlatforms) = preSolution
		Debug|Win32 = Debug|Win32
		Release|Win32 = Release|Win32
	EndGlobalSection
	GlobalSection(ProjectConfigurationPlatforms) = postSolution
		{ED9D0263-0454-4C86-967B-BEEB81B8330B}.Debug|Win32.ActiveCfg = Debug|Win32
		{ED9D0263-0454-4C86-967B-BEEB81B8330B}.Debug|Win32.Build.0 = Debug|Win32
		{ED9D0263-0454-4C86-967B-BEEB81B8330B}.Release|Win32.ActiveCfg = Release|Win32
		{ED9D0263-0454-4C86-967B-BEEB81B8330B}.Release|Win32.Build.0 = Release|Win32
	EndGlobalSection
	GlobalSection(SolutionProperties) = preSolution
		HideSolutionNode = FALSE
	EndGlobalSection
EndGlobal
